<Solution>
  <Project Path="Desafio01-Media_Aluno/Desafio01-MediaAluno.csproj" />
  <Project Path="Desafio02-Conversor/Desafio02-Conversor.csproj" />
  <Project Path="Desafio03-Notas/Desafio03-Notas.csproj" />
  <Project Path="Desafio04-ListaProdutos/Desafio04-ListaProdutos.csproj" />
  <Project Path="Desafio05-Encapsulamento/Desafio05-Encapsulamento.csproj" />
</Solution>
